
Microsoft Visual Studio Solution File, Format Version 12.00
# Visual Studio Version 17
VisualStudioVersion = 17.5.33627.172
MinimumVisualStudioVersion = 10.0.40219.1
Project("{2150E333-8FDC-42A3-9474-1A3956D46DE8}") = "BaiTapLab1", "BaiTapLab1", "{0B7750A1-1464-4069-A09D-125A3574F4D2}"
EndProject
Project("{9A19103F-16F7-4668-BE54-9A1E7A4F7556}") = "Bai1.4", "Bai1.4\Bai1.4.csproj", "{6DE187A3-F706-4730-9D1B-D183143A1CB6}"
EndProject
Project("{9A19103F-16F7-4668-BE54-9A1E7A4F7556}") = "Bai1.5", "Bai1.5\Bai1.5.csproj", "{5F48332E-DDF2-411F-8F84-8BF241F1B0A0}"
EndProject
Project("{9A19103F-16F7-4668-BE54-9A1E7A4F7556}") = "Bai1.1", "Bai1.1\Bai1.1.csproj", "{7F379AA8-2607-4CE8-A815-C3C469B027AD}"
EndProject
Project("{9A19103F-16F7-4668-BE54-9A1E7A4F7556}") = "Bai1.2", "Bai1.2\Bai1.2.csproj", "{CCE39D66-EAF4-442E-A231-1B256DF9636E}"
EndProject
Project("{FAE04EC0-301F-11D3-BF4B-00C04F79EFBC}") = "Bai1.3", "Bai1.3\Bai1.3.csproj", "{9B6B5290-1D10-4E6A-8B06-89325F5387D6}"
EndProject
Global
	GlobalSection(SolutionConfigurationPlatforms) = preSolution
		Debug|Any CPU = Debug|Any CPU
		Release|Any CPU = Release|Any CPU
	EndGlobalSection
	GlobalSection(ProjectConfigurationPlatforms) = postSolution
		{6DE187A3-F706-4730-9D1B-D183143A1CB6}.Debug|Any CPU.ActiveCfg = Debug|Any CPU
		{6DE187A3-F706-4730-9D1B-D183143A1CB6}.Debug|Any CPU.Build.0 = Debug|Any CPU
		{6DE187A3-F706-4730-9D1B-D183143A1CB6}.Release|Any CPU.ActiveCfg = Release|Any CPU
		{6DE187A3-F706-4730-9D1B-D183143A1CB6}.Release|Any CPU.Build.0 = Release|Any CPU
		{5F48332E-DDF2-411F-8F84-8BF241F1B0A0}.Debug|Any CPU.ActiveCfg = Debug|Any CPU
		{5F48332E-DDF2-411F-8F84-8BF241F1B0A0}.Debug|Any CPU.Build.0 = Debug|Any CPU
		{5F48332E-DDF2-411F-8F84-8BF241F1B0A0}.Release|Any CPU.ActiveCfg = Release|Any CPU
		{5F48332E-DDF2-411F-8F84-8BF241F1B0A0}.Release|Any CPU.Build.0 = Release|Any CPU
		{7F379AA8-2607-4CE8-A815-C3C469B027AD}.Debug|Any CPU.ActiveCfg = Debug|Any CPU
		{7F379AA8-2607-4CE8-A815-C3C469B027AD}.Debug|Any CPU.Build.0 = Debug|Any CPU
		{7F379AA8-2607-4CE8-A815-C3C469B027AD}.Release|Any CPU.ActiveCfg = Release|Any CPU
		{7F379AA8-2607-4CE8-A815-C3C469B027AD}.Release|Any CPU.Build.0 = Release|Any CPU
		{CCE39D66-EAF4-442E-A231-1B256DF9636E}.Debug|Any CPU.ActiveCfg = Debug|Any CPU
		{CCE39D66-EAF4-442E-A231-1B256DF9636E}.Debug|Any CPU.Build.0 = Debug|Any CPU
		{CCE39D66-EAF4-442E-A231-1B256DF9636E}.Release|Any CPU.ActiveCfg = Release|Any CPU
		{CCE39D66-EAF4-442E-A231-1B256DF9636E}.Release|Any CPU.Build.0 = Release|Any CPU
		{9B6B5290-1D10-4E6A-8B06-89325F5387D6}.Debug|Any CPU.ActiveCfg = Debug|Any CPU
		{9B6B5290-1D10-4E6A-8B06-89325F5387D6}.Debug|Any CPU.Build.0 = Debug|Any CPU
		{9B6B5290-1D10-4E6A-8B06-89325F5387D6}.Release|Any CPU.ActiveCfg = Release|Any CPU
		{9B6B5290-1D10-4E6A-8B06-89325F5387D6}.Release|Any CPU.Build.0 = Release|Any CPU
	EndGlobalSection
	GlobalSection(SolutionProperties) = preSolution
		HideSolutionNode = FALSE
	EndGlobalSection
	GlobalSection(NestedProjects) = preSolution
		{6DE187A3-F706-4730-9D1B-D183143A1CB6} = {0B7750A1-1464-4069-A09D-125A3574F4D2}
		{5F48332E-DDF2-411F-8F84-8BF241F1B0A0} = {0B7750A1-1464-4069-A09D-125A3574F4D2}
		{7F379AA8-2607-4CE8-A815-C3C469B027AD} = {0B7750A1-1464-4069-A09D-125A3574F4D2}
		{CCE39D66-EAF4-442E-A231-1B256DF9636E} = {0B7750A1-1464-4069-A09D-125A3574F4D2}
		{9B6B5290-1D10-4E6A-8B06-89325F5387D6} = {0B7750A1-1464-4069-A09D-125A3574F4D2}
	EndGlobalSection
	GlobalSection(ExtensibilityGlobals) = postSolution
		SolutionGuid = {334455AD-2744-4198-8D20-8CCAB7E05029}
	EndGlobalSection
EndGlobal
